
Microsoft Visual Studio Solution File, Format Version 12.00
# Visual Studio Version 17
VisualStudioVersion = 17.7.34202.233
MinimumVisualStudioVersion = 10.0.40219.1
Project("{9A19103F-16F7-4668-BE54-9A1E7A4F7556}") = "RanDIM", "RanDIM\RanDIM.csproj", "{A3C6CF0B-76D4-4971-B767-C4287B21D668}"
EndProject
Global
	GlobalSection(SolutionConfigurationPlatforms) = preSolution
		Debug|Any CPU = Debug|Any CPU
		Debug|x64 = Debug|x64
		Release|Any CPU = Release|Any CPU
		Release|x64 = Release|x64
	EndGlobalSection
	GlobalSection(ProjectConfigurationPlatforms) = postSolution
		{A3C6CF0B-76D4-4971-B767-C4287B21D668}.Debug|Any CPU.ActiveCfg = Debug|Any CPU
		{A3C6CF0B-76D4-4971-B767-C4287B21D668}.Debug|Any CPU.Build.0 = Debug|Any CPU
		{A3C6CF0B-76D4-4971-B767-C4287B21D668}.Debug|x64.ActiveCfg = Debug|x64
		{A3C6CF0B-76D4-4971-B767-C4287B21D668}.Debug|x64.Build.0 = Debug|x64
		{A3C6CF0B-76D4-4971-B767-C4287B21D668}.Release|Any CPU.ActiveCfg = Release|Any CPU
		{A3C6CF0B-76D4-4971-B767-C4287B21D668}.Release|Any CPU.Build.0 = Release|Any CPU
		{A3C6CF0B-76D4-4971-B767-C4287B21D668}.Release|x64.ActiveCfg = Release|Any CPU
		{A3C6CF0B-76D4-4971-B767-C4287B21D668}.Release|x64.Build.0 = Release|Any CPU
	EndGlobalSection
	GlobalSection(SolutionProperties) = preSolution
		HideSolutionNode = FALSE
	EndGlobalSection
	GlobalSection(ExtensibilityGlobals) = postSolution
		SolutionGuid = {3406B320-712B-477A-B6DA-CEEB4A882350}
	EndGlobalSection
EndGlobal
